
Microsoft Visual Studio Solution File, Format Version 12.00
# Visual Studio Version 17
VisualStudioVersion = 17.14.36414.22 d17.14
MinimumVisualStudioVersion = 10.0.40219.1
Project("{FAE04EC0-301F-11D3-BF4B-00C04F79EFBC}") = "TheNexusAPI", "TheNexusAPI\TheNexusAPI.csproj", "{1A5199C2-B9F0-4F7F-8B41-7C02FC0A8F15}"
EndProject
Global
	GlobalSection(SolutionConfigurationPlatforms) = preSolution
		Debug|Any CPU = Debug|Any CPU
		Release|Any CPU = Release|Any CPU
	EndGlobalSection
	GlobalSection(ProjectConfigurationPlatforms) = postSolution
		{1A5199C2-B9F0-4F7F-8B41-7C02FC0A8F15}.Debug|Any CPU.ActiveCfg = Debug|Any CPU
		{1A5199C2-B9F0-4F7F-8B41-7C02FC0A8F15}.Debug|Any CPU.Build.0 = Debug|Any CPU
		{1A5199C2-B9F0-4F7F-8B41-7C02FC0A8F15}.Release|Any CPU.ActiveCfg = Release|Any CPU
		{1A5199C2-B9F0-4F7F-8B41-7C02FC0A8F15}.Release|Any CPU.Build.0 = Release|Any CPU
	EndGlobalSection
	GlobalSection(SolutionProperties) = preSolution
		HideSolutionNode = FALSE
	EndGlobalSection
	GlobalSection(ExtensibilityGlobals) = postSolution
		SolutionGuid = {AD3C742E-2791-4620-9CAF-E5BE38831372}
	EndGlobalSection
EndGlobal
